version = 1
revision = 3
requires-python = ">=3.12"

[[package]]
name = "code"
version = "0.1.0"
source = { virtual = "." }
dependencies = [
    { name = "py-sds011" },
    { name = "pyudev" },
]

[package.metadata]
requires-dist = [
    { name = "py-sds011", git = "https://github.com/ikalchev/py-sds011" },
    { name = "pyudev", specifier = ">=0.24.4" },
]

[[package]]
name = "py-sds011"
version = "0.9"
source = { git = "https://github.com/ikalchev/py-sds011#c41c5faa799083bc6903e1f43586a81a823863c9" }
dependencies = [
    { name = "pyserial" },
]

[[package]]
name = "pyserial"
version = "3.5"
source = { registry = "https://pypi.org/simple" }
sdist = { url = "https://files.pythonhosted.org/packages/1e/7d/ae3f0a63f41e4d2f6cb66a5b57197850f919f59e558159a4dd3a818f5082/pyserial-3.5.tar.gz", hash = "sha256:3c77e014170dfffbd816e6ffc205e9842efb10be9f58ec16d3e8675b4925cddb", size = 159125, upload-time = "2020-11-23T03:59:15.045Z" }
wheels = [
    { url = "https://files.pythonhosted.org/packages/07/bc/587a445451b253b285629263eb51c2d8e9bcea4fc97826266d186f96f558/pyserial-3.5-py2.py3-none-any.whl", hash = "sha256:c4451db6ba391ca6ca299fb3ec7bae67a5c55dde170964c7a14ceefec02f2cf0", size = 90585, upload-time = "2020-11-23T03:59:13.41Z" },
]

[[package]]
name = "pyudev"
version = "0.24.4"
source = { registry = "https://pypi.org/simple" }
sdist = { url = "https://files.pythonhosted.org/packages/5e/1d/8bdbf651de1002e8b58fbe817bee22b1e8bfcdd24341d42c3238ce9a75f4/pyudev-0.24.4.tar.gz", hash = "sha256:e788bb983700b1a84efc2e88862b0a51af2a995d5b86bc9997546505cf7b36bc", size = 56135, upload-time = "2025-10-08T17:26:58.661Z" }
wheels = [
    { url = "https://files.pythonhosted.org/packages/2a/51/3dc0cd6498b24dea3cdeaed648568e3ca7454d41334d840b114156d7479f/pyudev-0.24.4-py3-none-any.whl", hash = "sha256:b3b6b01c68e6fc628428cc45ff3fe6c277afbb5d96507f14473ddb4a6b959e00", size = 62784, upload-time = "2025-10-08T17:26:57.664Z" },
]
